<?xml version="1.0" encoding="utf-8"?>
<Project ToolsVersion="4.0" xmlns="http://schemas.microsoft.com/developer/msbuild/2003">
  <ItemGroup>
    <Filter Include="Исходные файлы">
      <UniqueIdentifier>{4FC737F1-C7A5-4376-A066-2A32D752A2FF}</UniqueIdentifier>
      <Extensions>cpp;c;cc;cxx;c++;cppm;ixx;def;odl;idl;hpj;bat;asm;asmx</Extensions>
    </Filter>
    <Filter Include="Файлы заголовков">
      <UniqueIdentifier>{93995380-89BD-4b04-88EB-625FBE52EBFB}</UniqueIdentifier>
      <Extensions>h;hh;hpp;hxx;h++;hm;inl;inc;ipp;xsd</Extensions>
    </Filter>
    <Filter Include="Файлы ресурсов">
      <UniqueIdentifier>{67DA6AB6-F800-4c08-8B7A-83BB121AAD01}</UniqueIdentifier>
      <Extensions>rc;ico;cur;bmp;dlg;rc2;rct;bin;rgs;gif;jpg;jpeg;jpe;resx;tiff;tif;png;wav;mfcribbon-ms</Extensions>
    </Filter>
    <Filter Include="Исходные файлы\Model">
      <UniqueIdentifier>{e0facf6d-364e-4690-867b-4ee43f21d16d}</UniqueIdentifier>
    </Filter>
    <Filter Include="Исходные файлы\Model\Figure">
      <UniqueIdentifier>{1ad5e0f7-5d9f-49d5-bde0-aebb035a4778}</UniqueIdentifier>
    </Filter>
    <Filter Include="Исходные файлы\Model\Players">
      <UniqueIdentifier>{bed75f90-fa33-4ed0-b2db-25c3e7bbacfc}</UniqueIdentifier>
    </Filter>
    <Filter Include="Исходные файлы\View">
      <UniqueIdentifier>{e0f47b22-798e-453c-913e-fb13277cd7de}</UniqueIdentifier>
    </Filter>
    <Filter Include="Исходные файлы\Model\Board">
      <UniqueIdentifier>{8ca06808-aae9-4440-8112-6cd932617eb4}</UniqueIdentifier>
    </Filter>
    <Filter Include="Исходные файлы\View\ChessBoard">
      <UniqueIdentifier>{d97c0b99-9ac2-4ee0-a999-d1516f061b88}</UniqueIdentifier>
    </Filter>
    <Filter Include="Исходные файлы\View\Figure">
      <UniqueIdentifier>{1f3bc280-bf93-4959-832a-cd5510bbc4ab}</UniqueIdentifier>
    </Filter>
  </ItemGroup>
  <ItemGroup>
    <ClCompile Include="Main.cpp">
      <Filter>Исходные файлы</Filter>
    </ClCompile>
    <ClCompile Include="Engine.cpp">
      <Filter>Исходные файлы</Filter>
    </ClCompile>
    <ClCompile Include="Figure.cpp">
      <Filter>Исходные файлы</Filter>
    </ClCompile>
    <ClCompile Include="ChessBoard.cpp">
      <Filter>Исходные файлы</Filter>
    </ClCompile>
    <ClCompile Include="Player.cpp">
      <Filter>Исходные файлы</Filter>
    </ClCompile>
    <ClCompile Include="stdafx.cpp">
      <Filter>Исходные файлы</Filter>
    </ClCompile>
    <ClCompile Include="WhiteFigure.cpp">
      <Filter>Исходные файлы</Filter>
    </ClCompile>
    <ClCompile Include="BlackFigure.cpp">
      <Filter>Исходные файлы</Filter>
    </ClCompile>
    <ClCompile Include="PlayerWite.cpp">
      <Filter>Исходные файлы</Filter>
    </ClCompile>
    <ClCompile Include="PlayerBlack.cpp">
      <Filter>Исходные файлы</Filter>
    </ClCompile>
    <ClCompile Include="View\ChessBoard\ChessBoardView.cpp">
      <Filter>Исходные файлы\View\ChessBoard</Filter>
    </ClCompile>
    <ClCompile Include="View\Figure\FiguresView.cpp">
      <Filter>Исходные файлы\View\Figure</Filter>
    </ClCompile>
    <ClCompile Include="View\Figure\FigureView1.cpp">
      <Filter>Исходные файлы\View\Figure</Filter>
    </ClCompile>
    <ClCompile Include="View\Figure\FigureView2.cpp">
      <Filter>Исходные файлы\View\Figure</Filter>
    </ClCompile>
    <ClCompile Include="View\Figure\FigureViewBase.cpp">
      <Filter>Исходные файлы\View\Figure</Filter>
    </ClCompile>
    <ClCompile Include="View\BaseView.cpp">
      <Filter>Исходные файлы\View</Filter>
    </ClCompile>
    <ClCompile Include="Model\Players\Player1.cpp">
      <Filter>Исходные файлы\Model\Players</Filter>
    </ClCompile>
    <ClCompile Include="Model\Players\Player2.cpp">
      <Filter>Исходные файлы\Model\Players</Filter>
    </ClCompile>
    <ClCompile Include="Model\Players\PlayerBase.cpp">
      <Filter>Исходные файлы\Model\Players</Filter>
    </ClCompile>
    <ClCompile Include="Model\Players\Players.cpp">
      <Filter>Исходные файлы\Model\Players</Filter>
    </ClCompile>
    <ClCompile Include="Model\Board\Board.cpp">
      <Filter>Исходные файлы\Model\Board</Filter>
    </ClCompile>
    <ClCompile Include="Model\Figure\FigureBase.cpp">
      <Filter>Исходные файлы\Model\Figure</Filter>
    </ClCompile>
  </ItemGroup>
  <ItemGroup>
    <ClInclude Include="stdafx.h">
      <Filter>Файлы заголовков</Filter>
    </ClInclude>
    <ClInclude Include="ChessBoard.h">
      <Filter>Файлы заголовков</Filter>
    </ClInclude>
    <ClInclude Include="Engine.h">
      <Filter>Файлы заголовков</Filter>
    </ClInclude>
    <ClInclude Include="IMoveFigure.h">
      <Filter>Файлы заголовков</Filter>
    </ClInclude>
    <ClInclude Include="IGameEntity.h">
      <Filter>Файлы заголовков</Filter>
    </ClInclude>
    <ClInclude Include="Player.h">
      <Filter>Файлы заголовков</Filter>
    </ClInclude>
    <ClInclude Include="Figure.h">
      <Filter>Файлы заголовков</Filter>
    </ClInclude>
    <ClInclude Include="PlayerWite.h">
      <Filter>Файлы заголовков</Filter>
    </ClInclude>
    <ClInclude Include="PlayerBlack.h">
      <Filter>Файлы заголовков</Filter>
    </ClInclude>
    <ClInclude Include="WhiteFigure.h">
      <Filter>Файлы заголовков</Filter>
    </ClInclude>
    <ClInclude Include="BlackFigure.h">
      <Filter>Файлы заголовков</Filter>
    </ClInclude>
    <ClInclude Include="IListener.h">
      <Filter>Исходные файлы</Filter>
    </ClInclude>
    <ClInclude Include="ISubject.h">
      <Filter>Исходные файлы</Filter>
    </ClInclude>
    <ClInclude Include="View\ChessBoard\ChessBoardView.h">
      <Filter>Исходные файлы\View\ChessBoard</Filter>
    </ClInclude>
    <ClInclude Include="View\Figure\FiguresView.h">
      <Filter>Исходные файлы\View\Figure</Filter>
    </ClInclude>
    <ClInclude Include="View\Figure\FigureView1.h">
      <Filter>Исходные файлы\View\Figure</Filter>
    </ClInclude>
    <ClInclude Include="View\Figure\FigureView2.h">
      <Filter>Исходные файлы\View\Figure</Filter>
    </ClInclude>
    <ClInclude Include="View\Figure\FigureViewBase.h">
      <Filter>Исходные файлы\View\Figure</Filter>
    </ClInclude>
    <ClInclude Include="View\BaseView.h">
      <Filter>Исходные файлы\View</Filter>
    </ClInclude>
    <ClInclude Include="Model\Players\Player1.h">
      <Filter>Исходные файлы\Model\Players</Filter>
    </ClInclude>
    <ClInclude Include="Model\Players\Player2.h">
      <Filter>Исходные файлы\Model\Players</Filter>
    </ClInclude>
    <ClInclude Include="Model\Players\PlayerBase.h">
      <Filter>Исходные файлы\Model\Players</Filter>
    </ClInclude>
    <ClInclude Include="Model\Players\Players.h">
      <Filter>Исходные файлы\Model\Players</Filter>
    </ClInclude>
    <ClInclude Include="Model\Board\Board.h">
      <Filter>Исходные файлы\Model\Board</Filter>
    </ClInclude>
    <ClInclude Include="Model\Figure\FigureBase.h">
      <Filter>Исходные файлы\Model\Figure</Filter>
    </ClInclude>
  </ItemGroup>
</Project>